<?xml version="1.0" encoding="utf-8"?>
<Project ToolsVersion="4.0" xmlns="http://schemas.microsoft.com/developer/msbuild/2003">
  <ItemGroup>
    <Filter Include="Source Files">
      <UniqueIdentifier>{4FC737F1-C7A5-4376-A066-2A32D752A2FF}</UniqueIdentifier>
      <Extensions>cpp;c;cc;cxx;c++;cppm;ixx;def;odl;idl;hpj;bat;asm;asmx</Extensions>
    </Filter>
    <Filter Include="Header Files">
      <UniqueIdentifier>{93995380-89BD-4b04-88EB-625FBE52EBFB}</UniqueIdentifier>
      <Extensions>h;hh;hpp;hxx;h++;hm;inl;inc;ipp;xsd</Extensions>
    </Filter>
    <Filter Include="Resource Files">
      <UniqueIdentifier>{67DA6AB6-F800-4c08-8B7A-83BB121AAD01}</UniqueIdentifier>
      <Extensions>rc;ico;cur;bmp;dlg;rc2;rct;bin;rgs;gif;jpg;jpeg;jpe;resx;tiff;tif;png;wav;mfcribbon-ms</Extensions>
    </Filter>
  </ItemGroup>
  <ItemGroup>
    <ClCompile Include="source\common\application.cpp">
      <Filter>Source Files</Filter>
    </ClCompile>
    <ClCompile Include="source\main.cpp">
      <Filter>Source Files</Filter>
    </ClCompile>
    <ClCompile Include="source\sceneNode\entity.cpp">
      <Filter>Source Files</Filter>
    </ClCompile>
    <ClCompile Include="source\sceneNode\aircraft.cpp">
      <Filter>Source Files</Filter>
    </ClCompile>
    <ClCompile Include="source\common\sceneNode.cpp">
      <Filter>Source Files</Filter>
    </ClCompile>
    <ClCompile Include="source\common\world.cpp">
      <Filter>Source Files</Filter>
    </ClCompile>
    <ClCompile Include="source\sceneNode\spriteNode.cpp">
      <Filter>Source Files</Filter>
    </ClCompile>
    <ClCompile Include="source\common\commandQueue.cpp">
      <Filter>Source Files</Filter>
    </ClCompile>
    <ClCompile Include="source\common\player.cpp">
      <Filter>Source Files</Filter>
    </ClCompile>
    <ClCompile Include="source\common\state.cpp">
      <Filter>Source Files</Filter>
    </ClCompile>
    <ClCompile Include="source\common\stateStack.cpp">
      <Filter>Source Files</Filter>
    </ClCompile>
    <ClCompile Include="source\state\gameState.cpp">
      <Filter>Source Files</Filter>
    </ClCompile>
    <ClCompile Include="source\state\titleState.cpp">
      <Filter>Source Files</Filter>
    </ClCompile>
    <ClCompile Include="source\common\utility.cpp">
      <Filter>Source Files</Filter>
    </ClCompile>
    <ClCompile Include="source\state\menuState.cpp">
      <Filter>Source Files</Filter>
    </ClCompile>
    <ClCompile Include="source\state\pauseState.cpp">
      <Filter>Source Files</Filter>
    </ClCompile>
    <ClCompile Include="source\state\loadingState.cpp">
      <Filter>Source Files</Filter>
    </ClCompile>
    <ClCompile Include="source\common\parellelTask.cpp">
      <Filter>Source Files</Filter>
    </ClCompile>
    <ClCompile Include="source\common\component.cpp">
      <Filter>Source Files</Filter>
    </ClCompile>
    <ClCompile Include="source\gui\container.cpp">
      <Filter>Source Files</Filter>
    </ClCompile>
    <ClCompile Include="source\gui\label.cpp">
      <Filter>Source Files</Filter>
    </ClCompile>
    <ClCompile Include="source\gui\button.cpp">
      <Filter>Source Files</Filter>
    </ClCompile>
    <ClCompile Include="source\state\settingsState.cpp">
      <Filter>Source Files</Filter>
    </ClCompile>
    <ClCompile Include="source\common\dataTable.cpp">
      <Filter>Source Files</Filter>
    </ClCompile>
    <ClCompile Include="source\sceneNode\textNode.cpp">
      <Filter>Source Files</Filter>
    </ClCompile>
    <ClCompile Include="source\sceneNode\projectile.cpp">
      <Filter>Source Files</Filter>
    </ClCompile>
    <ClCompile Include="source\sceneNode\pickup.cpp">
      <Filter>Source Files</Filter>
    </ClCompile>
    <ClCompile Include="source\state\gameOverState.cpp">
      <Filter>Source Files</Filter>
    </ClCompile>
  </ItemGroup>
  <ItemGroup>
    <ClInclude Include="header\common\application.h">
      <Filter>Header Files</Filter>
    </ClInclude>
    <ClInclude Include="header\common\resourceHolder.h">
      <Filter>Header Files</Filter>
    </ClInclude>
    <ClInclude Include="header\sceneNode\entity.h">
      <Filter>Header Files</Filter>
    </ClInclude>
    <ClInclude Include="header\sceneNode\aircraft.h">
      <Filter>Header Files</Filter>
    </ClInclude>
    <ClInclude Include="header\common\sceneNode.h">
      <Filter>Header Files</Filter>
    </ClInclude>
    <ClInclude Include="header\common\world.h">
      <Filter>Header Files</Filter>
    </ClInclude>
    <ClInclude Include="header\sceneNode\spriteNode.h">
      <Filter>Header Files</Filter>
    </ClInclude>
    <ClInclude Include="header\common\command.h">
      <Filter>Header Files</Filter>
    </ClInclude>
    <ClInclude Include="header\common\commandQueue.h">
      <Filter>Header Files</Filter>
    </ClInclude>
    <ClInclude Include="header\common\player.h">
      <Filter>Header Files</Filter>
    </ClInclude>
    <ClInclude Include="header\common\state.h">
      <Filter>Header Files</Filter>
    </ClInclude>
    <ClInclude Include="header\common\stateStack.h">
      <Filter>Header Files</Filter>
    </ClInclude>
    <ClInclude Include="header\state\gameState.h">
      <Filter>Header Files</Filter>
    </ClInclude>
    <ClInclude Include="header\state\titleState.h">
      <Filter>Header Files</Filter>
    </ClInclude>
    <ClInclude Include="header\common\utility.h">
      <Filter>Header Files</Filter>
    </ClInclude>
    <ClInclude Include="header\state\menuState.h">
      <Filter>Header Files</Filter>
    </ClInclude>
    <ClInclude Include="header\state\pauseState.h">
      <Filter>Header Files</Filter>
    </ClInclude>
    <ClInclude Include="header\state\loadingState.h">
      <Filter>Header Files</Filter>
    </ClInclude>
    <ClInclude Include="header\common\parellelTask.h">
      <Filter>Header Files</Filter>
    </ClInclude>
    <ClInclude Include="header\common\component.h">
      <Filter>Header Files</Filter>
    </ClInclude>
    <ClInclude Include="header\gui\container.h">
      <Filter>Header Files</Filter>
    </ClInclude>
    <ClInclude Include="header\gui\label.h">
      <Filter>Header Files</Filter>
    </ClInclude>
    <ClInclude Include="header\gui\button.h">
      <Filter>Header Files</Filter>
    </ClInclude>
    <ClInclude Include="header\state\settingsState.h">
      <Filter>Header Files</Filter>
    </ClInclude>
    <ClInclude Include="header\common\dataTable.h">
      <Filter>Header Files</Filter>
    </ClInclude>
    <ClInclude Include="header\sceneNode\textNode.h">
      <Filter>Header Files</Filter>
    </ClInclude>
    <ClInclude Include="header\sceneNode\projectile.h">
      <Filter>Header Files</Filter>
    </ClInclude>
    <ClInclude Include="header\sceneNode\pickup.h">
      <Filter>Header Files</Filter>
    </ClInclude>
    <ClInclude Include="header\state\gameOverState.h">
      <Filter>Header Files</Filter>
    </ClInclude>
  </ItemGroup>
  <ItemGroup>
    <Image Include="resource\Eagle.png">
      <Filter>Resource Files</Filter>
    </Image>
    <Image Include="resource\Desert.png">
      <Filter>Resource Files</Filter>
    </Image>
    <Image Include="resource\Raptor.png">
      <Filter>Resource Files</Filter>
    </Image>
    <Image Include="resource\TitleScreen.png">
      <Filter>Resource Files</Filter>
    </Image>
    <Image Include="resource\ButtonNormal.png">
      <Filter>Resource Files</Filter>
    </Image>
    <Image Include="resource\ButtonPressed.png">
      <Filter>Resource Files</Filter>
    </Image>
    <Image Include="resource\ButtonSelected.png">
      <Filter>Resource Files</Filter>
    </Image>
    <Image Include="resource\Avenger.png">
      <Filter>Resource Files</Filter>
    </Image>
    <Image Include="resource\Bullet.png">
      <Filter>Resource Files</Filter>
    </Image>
    <Image Include="resource\FireRate.png">
      <Filter>Resource Files</Filter>
    </Image>
    <Image Include="resource\FireSpread.png">
      <Filter>Resource Files</Filter>
    </Image>
    <Image Include="resource\HealthRefill.png">
      <Filter>Resource Files</Filter>
    </Image>
    <Image Include="resource\MissileRefill.png">
      <Filter>Resource Files</Filter>
    </Image>
    <Image Include="resource\Missile.png">
      <Filter>Resource Files</Filter>
    </Image>
  </ItemGroup>
  <ItemGroup>
    <Font Include="resource\Sansation.ttf" />
  </ItemGroup>
</Project>